
Microsoft Visual Studio Solution File, Format Version 12.00
# Visual Studio 15
VisualStudioVersion = 15.0.26124.0
MinimumVisualStudioVersion = 15.0.26124.0
Project("{2150E333-8FDC-42A3-9474-1A3956D46DE8}") = "src", "src", "{91E03232-E82F-45DA-9E34-08A4A7459739}"
EndProject
Project("{FAE04EC0-301F-11D3-BF4B-00C04F79EFBC}") = "SWCardGame.Core", "src\SWCardGame.Core\SWCardGame.Core.csproj", "{78DBFE21-96F2-4733-9134-01A7D701DCED}"
EndProject
Project("{FAE04EC0-301F-11D3-BF4B-00C04F79EFBC}") = "SWCardGame.Persistence", "src\SWCardGame.Persistence\SWCardGame.Persistence.csproj", "{1E32A1E3-9997-40CB-87CC-0BA3A195F8EE}"
EndProject
Project("{FAE04EC0-301F-11D3-BF4B-00C04F79EFBC}") = "SWCardGame.WebApi", "src\SWCardGame.WebApi\SWCardGame.WebApi.csproj", "{1020DD87-87AD-4629-A75F-82F6F48E9E73}"
EndProject
Project("{2150E333-8FDC-42A3-9474-1A3956D46DE8}") = "tests", "tests", "{D249AFC4-201E-4F63-B7AE-42B5FD5CB575}"
EndProject
Project("{FAE04EC0-301F-11D3-BF4B-00C04F79EFBC}") = "SWCardGame.Core.Tests", "tests\SWCardGame.Core.Tests\SWCardGame.Core.Tests.csproj", "{68410A37-6C03-4FFC-B855-6FECDE802366}"
EndProject
Project("{FAE04EC0-301F-11D3-BF4B-00C04F79EFBC}") = "SWCardGame.WebApi.Tests", "tests\SWCardGame.WebApi.Tests\SWCardGame.WebApi.Tests.csproj", "{23BE6A3A-84B4-460F-B103-52187ECBAB4D}"
EndProject
Global
	GlobalSection(SolutionConfigurationPlatforms) = preSolution
		Debug|Any CPU = Debug|Any CPU
		Debug|x64 = Debug|x64
		Debug|x86 = Debug|x86
		Release|Any CPU = Release|Any CPU
		Release|x64 = Release|x64
		Release|x86 = Release|x86
	EndGlobalSection
	GlobalSection(SolutionProperties) = preSolution
		HideSolutionNode = FALSE
	EndGlobalSection
	GlobalSection(ProjectConfigurationPlatforms) = postSolution
		{78DBFE21-96F2-4733-9134-01A7D701DCED}.Debug|Any CPU.ActiveCfg = Debug|Any CPU
		{78DBFE21-96F2-4733-9134-01A7D701DCED}.Debug|Any CPU.Build.0 = Debug|Any CPU
		{78DBFE21-96F2-4733-9134-01A7D701DCED}.Debug|x64.ActiveCfg = Debug|Any CPU
		{78DBFE21-96F2-4733-9134-01A7D701DCED}.Debug|x64.Build.0 = Debug|Any CPU
		{78DBFE21-96F2-4733-9134-01A7D701DCED}.Debug|x86.ActiveCfg = Debug|Any CPU
		{78DBFE21-96F2-4733-9134-01A7D701DCED}.Debug|x86.Build.0 = Debug|Any CPU
		{78DBFE21-96F2-4733-9134-01A7D701DCED}.Release|Any CPU.ActiveCfg = Release|Any CPU
		{78DBFE21-96F2-4733-9134-01A7D701DCED}.Release|Any CPU.Build.0 = Release|Any CPU
		{78DBFE21-96F2-4733-9134-01A7D701DCED}.Release|x64.ActiveCfg = Release|Any CPU
		{78DBFE21-96F2-4733-9134-01A7D701DCED}.Release|x64.Build.0 = Release|Any CPU
		{78DBFE21-96F2-4733-9134-01A7D701DCED}.Release|x86.ActiveCfg = Release|Any CPU
		{78DBFE21-96F2-4733-9134-01A7D701DCED}.Release|x86.Build.0 = Release|Any CPU
		{1E32A1E3-9997-40CB-87CC-0BA3A195F8EE}.Debug|Any CPU.ActiveCfg = Debug|Any CPU
		{1E32A1E3-9997-40CB-87CC-0BA3A195F8EE}.Debug|Any CPU.Build.0 = Debug|Any CPU
		{1E32A1E3-9997-40CB-87CC-0BA3A195F8EE}.Debug|x64.ActiveCfg = Debug|Any CPU
		{1E32A1E3-9997-40CB-87CC-0BA3A195F8EE}.Debug|x64.Build.0 = Debug|Any CPU
		{1E32A1E3-9997-40CB-87CC-0BA3A195F8EE}.Debug|x86.ActiveCfg = Debug|Any CPU
		{1E32A1E3-9997-40CB-87CC-0BA3A195F8EE}.Debug|x86.Build.0 = Debug|Any CPU
		{1E32A1E3-9997-40CB-87CC-0BA3A195F8EE}.Release|Any CPU.ActiveCfg = Release|Any CPU
		{1E32A1E3-9997-40CB-87CC-0BA3A195F8EE}.Release|Any CPU.Build.0 = Release|Any CPU
		{1E32A1E3-9997-40CB-87CC-0BA3A195F8EE}.Release|x64.ActiveCfg = Release|Any CPU
		{1E32A1E3-9997-40CB-87CC-0BA3A195F8EE}.Release|x64.Build.0 = Release|Any CPU
		{1E32A1E3-9997-40CB-87CC-0BA3A195F8EE}.Release|x86.ActiveCfg = Release|Any CPU
		{1E32A1E3-9997-40CB-87CC-0BA3A195F8EE}.Release|x86.Build.0 = Release|Any CPU
		{1020DD87-87AD-4629-A75F-82F6F48E9E73}.Debug|Any CPU.ActiveCfg = Debug|Any CPU
		{1020DD87-87AD-4629-A75F-82F6F48E9E73}.Debug|Any CPU.Build.0 = Debug|Any CPU
		{1020DD87-87AD-4629-A75F-82F6F48E9E73}.Debug|x64.ActiveCfg = Debug|Any CPU
		{1020DD87-87AD-4629-A75F-82F6F48E9E73}.Debug|x64.Build.0 = Debug|Any CPU
		{1020DD87-87AD-4629-A75F-82F6F48E9E73}.Debug|x86.ActiveCfg = Debug|Any CPU
		{1020DD87-87AD-4629-A75F-82F6F48E9E73}.Debug|x86.Build.0 = Debug|Any CPU
		{1020DD87-87AD-4629-A75F-82F6F48E9E73}.Release|Any CPU.ActiveCfg = Release|Any CPU
		{1020DD87-87AD-4629-A75F-82F6F48E9E73}.Release|Any CPU.Build.0 = Release|Any CPU
		{1020DD87-87AD-4629-A75F-82F6F48E9E73}.Release|x64.ActiveCfg = Release|Any CPU
		{1020DD87-87AD-4629-A75F-82F6F48E9E73}.Release|x64.Build.0 = Release|Any CPU
		{1020DD87-87AD-4629-A75F-82F6F48E9E73}.Release|x86.ActiveCfg = Release|Any CPU
		{1020DD87-87AD-4629-A75F-82F6F48E9E73}.Release|x86.Build.0 = Release|Any CPU
		{68410A37-6C03-4FFC-B855-6FECDE802366}.Debug|Any CPU.ActiveCfg = Debug|Any CPU
		{68410A37-6C03-4FFC-B855-6FECDE802366}.Debug|Any CPU.Build.0 = Debug|Any CPU
		{68410A37-6C03-4FFC-B855-6FECDE802366}.Debug|x64.ActiveCfg = Debug|Any CPU
		{68410A37-6C03-4FFC-B855-6FECDE802366}.Debug|x64.Build.0 = Debug|Any CPU
		{68410A37-6C03-4FFC-B855-6FECDE802366}.Debug|x86.ActiveCfg = Debug|Any CPU
		{68410A37-6C03-4FFC-B855-6FECDE802366}.Debug|x86.Build.0 = Debug|Any CPU
		{68410A37-6C03-4FFC-B855-6FECDE802366}.Release|Any CPU.ActiveCfg = Release|Any CPU
		{68410A37-6C03-4FFC-B855-6FECDE802366}.Release|Any CPU.Build.0 = Release|Any CPU
		{68410A37-6C03-4FFC-B855-6FECDE802366}.Release|x64.ActiveCfg = Release|Any CPU
		{68410A37-6C03-4FFC-B855-6FECDE802366}.Release|x64.Build.0 = Release|Any CPU
		{68410A37-6C03-4FFC-B855-6FECDE802366}.Release|x86.ActiveCfg = Release|Any CPU
		{68410A37-6C03-4FFC-B855-6FECDE802366}.Release|x86.Build.0 = Release|Any CPU
		{23BE6A3A-84B4-460F-B103-52187ECBAB4D}.Debug|Any CPU.ActiveCfg = Debug|Any CPU
		{23BE6A3A-84B4-460F-B103-52187ECBAB4D}.Debug|Any CPU.Build.0 = Debug|Any CPU
		{23BE6A3A-84B4-460F-B103-52187ECBAB4D}.Debug|x64.ActiveCfg = Debug|Any CPU
		{23BE6A3A-84B4-460F-B103-52187ECBAB4D}.Debug|x64.Build.0 = Debug|Any CPU
		{23BE6A3A-84B4-460F-B103-52187ECBAB4D}.Debug|x86.ActiveCfg = Debug|Any CPU
		{23BE6A3A-84B4-460F-B103-52187ECBAB4D}.Debug|x86.Build.0 = Debug|Any CPU
		{23BE6A3A-84B4-460F-B103-52187ECBAB4D}.Release|Any CPU.ActiveCfg = Release|Any CPU
		{23BE6A3A-84B4-460F-B103-52187ECBAB4D}.Release|Any CPU.Build.0 = Release|Any CPU
		{23BE6A3A-84B4-460F-B103-52187ECBAB4D}.Release|x64.ActiveCfg = Release|Any CPU
		{23BE6A3A-84B4-460F-B103-52187ECBAB4D}.Release|x64.Build.0 = Release|Any CPU
		{23BE6A3A-84B4-460F-B103-52187ECBAB4D}.Release|x86.ActiveCfg = Release|Any CPU
		{23BE6A3A-84B4-460F-B103-52187ECBAB4D}.Release|x86.Build.0 = Release|Any CPU
	EndGlobalSection
	GlobalSection(NestedProjects) = preSolution
		{78DBFE21-96F2-4733-9134-01A7D701DCED} = {91E03232-E82F-45DA-9E34-08A4A7459739}
		{1E32A1E3-9997-40CB-87CC-0BA3A195F8EE} = {91E03232-E82F-45DA-9E34-08A4A7459739}
		{1020DD87-87AD-4629-A75F-82F6F48E9E73} = {91E03232-E82F-45DA-9E34-08A4A7459739}
		{68410A37-6C03-4FFC-B855-6FECDE802366} = {D249AFC4-201E-4F63-B7AE-42B5FD5CB575}
		{23BE6A3A-84B4-460F-B103-52187ECBAB4D} = {D249AFC4-201E-4F63-B7AE-42B5FD5CB575}
	EndGlobalSection
EndGlobal
